
Microsoft Visual Studio Solution File, Format Version 12.00
# Visual Studio Version 17
VisualStudioVersion = 17.14.36623.8 d17.14
MinimumVisualStudioVersion = 10.0.40219.1
Project("{E24C65DC-7377-472B-9ABA-BC803B73C61A}") = "IdoRozenblatWebsite", "IdoRozenblatWebsite\", "{EECECB6F-86CC-11ED-0EA1-3E756538C7CF}"
	ProjectSection(WebsiteProperties) = preProject
		TargetFrameworkMoniker = ".NETFramework,Version%3Dv4.7.2"
		Debug.AspNetCompiler.VirtualPath = "/localhost_65504"
		Debug.AspNetCompiler.PhysicalPath = "IdoRozenblatWebsite\"
		Debug.AspNetCompiler.TargetPath = "PrecompiledWeb\localhost_65504\"
		Debug.AspNetCompiler.Updateable = "true"
		Debug.AspNetCompiler.ForceOverwrite = "true"
		Debug.AspNetCompiler.FixedNames = "false"
		Debug.AspNetCompiler.Debug = "True"
		Release.AspNetCompiler.VirtualPath = "/localhost_65504"
		Release.AspNetCompiler.PhysicalPath = "IdoRozenblatWebsite\"
		Release.AspNetCompiler.TargetPath = "PrecompiledWeb\localhost_65504\"
		Release.AspNetCompiler.Updateable = "true"
		Release.AspNetCompiler.ForceOverwrite = "true"
		Release.AspNetCompiler.FixedNames = "false"
		Release.AspNetCompiler.Debug = "False"
		VWDPort = "65504"
		SlnRelativePath = "IdoRozenblatWebsite\"
		DefaultWebSiteLanguage = "Visual C#"
	EndProjectSection
EndProject
Global
	GlobalSection(SolutionConfigurationPlatforms) = preSolution
		Debug|Any CPU = Debug|Any CPU
	EndGlobalSection
	GlobalSection(ProjectConfigurationPlatforms) = postSolution
		{EECECB6F-86CC-11ED-0EA1-3E756538C7CF}.Debug|Any CPU.ActiveCfg = Debug|Any CPU
		{EECECB6F-86CC-11ED-0EA1-3E756538C7CF}.Debug|Any CPU.Build.0 = Debug|Any CPU
	EndGlobalSection
	GlobalSection(SolutionProperties) = preSolution
		HideSolutionNode = FALSE
	EndGlobalSection
	GlobalSection(ExtensibilityGlobals) = postSolution
		SolutionGuid = {EA3CD76F-C57B-4154-BB1A-5FD644DDBDEE}
	EndGlobalSection
EndGlobal
